
Microsoft Visual Studio Solution File, Format Version 12.00
# Visual Studio 15
VisualStudioVersion = 15.0.27703.2047
MinimumVisualStudioVersion = 10.0.40219.1
Project("{FAE04EC0-301F-11D3-BF4B-00C04F79EFBC}") = "FilmsStore.Domain", "FilmsStore.Domain\FilmsStore.Domain.csproj", "{A26B1C02-4B6D-4A17-B136-960C1EC781DC}"
EndProject
Project("{FAE04EC0-301F-11D3-BF4B-00C04F79EFBC}") = "FilmsStore.BusinessLogic", "FilmsStore.BusinessLogic\FilmsStore.BusinessLogic.csproj", "{3ABFE3B3-29AF-4FE2-9FAF-AC10F0C8F088}"
EndProject
Project("{FAE04EC0-301F-11D3-BF4B-00C04F79EFBC}") = "FilmsStore.WebApi", "FilmsStore.WebApi\FilmsStore.WebApi.csproj", "{7663D43C-1276-4BB3-B6AD-54E99A818FBA}"
EndProject
Global
	GlobalSection(SolutionConfigurationPlatforms) = preSolution
		Debug|Any CPU = Debug|Any CPU
		Release|Any CPU = Release|Any CPU
	EndGlobalSection
	GlobalSection(ProjectConfigurationPlatforms) = postSolution
		{A26B1C02-4B6D-4A17-B136-960C1EC781DC}.Debug|Any CPU.ActiveCfg = Debug|Any CPU
		{A26B1C02-4B6D-4A17-B136-960C1EC781DC}.Debug|Any CPU.Build.0 = Debug|Any CPU
		{A26B1C02-4B6D-4A17-B136-960C1EC781DC}.Release|Any CPU.ActiveCfg = Release|Any CPU
		{A26B1C02-4B6D-4A17-B136-960C1EC781DC}.Release|Any CPU.Build.0 = Release|Any CPU
		{3ABFE3B3-29AF-4FE2-9FAF-AC10F0C8F088}.Debug|Any CPU.ActiveCfg = Debug|Any CPU
		{3ABFE3B3-29AF-4FE2-9FAF-AC10F0C8F088}.Debug|Any CPU.Build.0 = Debug|Any CPU
		{3ABFE3B3-29AF-4FE2-9FAF-AC10F0C8F088}.Release|Any CPU.ActiveCfg = Release|Any CPU
		{3ABFE3B3-29AF-4FE2-9FAF-AC10F0C8F088}.Release|Any CPU.Build.0 = Release|Any CPU
		{7663D43C-1276-4BB3-B6AD-54E99A818FBA}.Debug|Any CPU.ActiveCfg = Debug|Any CPU
		{7663D43C-1276-4BB3-B6AD-54E99A818FBA}.Debug|Any CPU.Build.0 = Debug|Any CPU
		{7663D43C-1276-4BB3-B6AD-54E99A818FBA}.Release|Any CPU.ActiveCfg = Release|Any CPU
		{7663D43C-1276-4BB3-B6AD-54E99A818FBA}.Release|Any CPU.Build.0 = Release|Any CPU
	EndGlobalSection
	GlobalSection(SolutionProperties) = preSolution
		HideSolutionNode = FALSE
	EndGlobalSection
	GlobalSection(ExtensibilityGlobals) = postSolution
		SolutionGuid = {C50814B7-F834-4206-BE68-49D1A9A4B36A}
	EndGlobalSection
EndGlobal
